
Microsoft Visual Studio Solution File, Format Version 12.00
# Visual Studio Version 17
VisualStudioVersion = 17.5.33627.172
MinimumVisualStudioVersion = 10.0.40219.1
Project("{FAE04EC0-301F-11D3-BF4B-00C04F79EFBC}") = "CRUDApp", "CRUDApp\CRUDApp.csproj", "{AB94D93D-CE43-435F-A4BE-AB682FAA1584}"
EndProject
Global
	GlobalSection(SolutionConfigurationPlatforms) = preSolution
		Debug|Any CPU = Debug|Any CPU
		Release|Any CPU = Release|Any CPU
	EndGlobalSection
	GlobalSection(ProjectConfigurationPlatforms) = postSolution
		{AB94D93D-CE43-435F-A4BE-AB682FAA1584}.Debug|Any CPU.ActiveCfg = Debug|Any CPU
		{AB94D93D-CE43-435F-A4BE-AB682FAA1584}.Debug|Any CPU.Build.0 = Debug|Any CPU
		{AB94D93D-CE43-435F-A4BE-AB682FAA1584}.Release|Any CPU.ActiveCfg = Release|Any CPU
		{AB94D93D-CE43-435F-A4BE-AB682FAA1584}.Release|Any CPU.Build.0 = Release|Any CPU
	EndGlobalSection
	GlobalSection(SolutionProperties) = preSolution
		HideSolutionNode = FALSE
	EndGlobalSection
	GlobalSection(ExtensibilityGlobals) = postSolution
		SolutionGuid = {D505BDC4-01A1-4CB4-B555-B61532927138}
	EndGlobalSection
EndGlobal
